<?xml version="1.0" encoding="utf-8"?>
<Project ToolsVersion="4.0" xmlns="http://schemas.microsoft.com/developer/msbuild/2003">
  <ItemGroup>
    <Filter Include="environment">
      <UniqueIdentifier>{93995380-89BD-4b04-88EB-625FBE52EBFB}</UniqueIdentifier>
      <Extensions>h;hh;hpp;hxx;hm;inl;inc;xsd</Extensions>
    </Filter>
    <Filter Include="parameterset">
      <UniqueIdentifier>{67DA6AB6-F800-4c08-8B7A-83BB121AAD01}</UniqueIdentifier>
      <Extensions>rc;ico;cur;bmp;dlg;rc2;rct;bin;rgs;gif;jpg;jpeg;jpe;resx;tiff;tif;png;wav;mfcribbon-ms</Extensions>
    </Filter>
    <Filter Include="environment\Stopwatch">
      <UniqueIdentifier>{ffba2008-c64b-42c3-87fc-b0f088f6eb27}</UniqueIdentifier>
    </Filter>
    <Filter Include="solver">
      <UniqueIdentifier>{4FC737F1-C7A5-4376-A066-2A32D752A2FF}</UniqueIdentifier>
      <Extensions>cpp;c;cc;cxx;def;odl;idl;hpj;bat;asm;asmx</Extensions>
    </Filter>
    <Filter Include="solver\combinator">
      <UniqueIdentifier>{77002fb2-e589-4e65-a0a3-5618045dbfb4}</UniqueIdentifier>
    </Filter>
    <Filter Include="solver\rules">
      <UniqueIdentifier>{4eb70330-4c10-4fea-9606-e9038fac7f60}</UniqueIdentifier>
    </Filter>
    <Filter Include="solver\rules\implementations">
      <UniqueIdentifier>{d3c56aa8-fc2f-4002-bc45-b5bf11042f99}</UniqueIdentifier>
    </Filter>
    <Filter Include="solver\rules\implementations\Hidden Pair">
      <UniqueIdentifier>{8ea4fa12-9fa7-4147-949f-a60b33b64b93}</UniqueIdentifier>
    </Filter>
    <Filter Include="solver\rules\implementations\Hidden Subset">
      <UniqueIdentifier>{2585dfe7-ead8-42a3-946c-522b5b68178b}</UniqueIdentifier>
    </Filter>
    <Filter Include="solver\rules\implementations\Naked Pair">
      <UniqueIdentifier>{99791d39-fedc-44f6-94d4-c275a6b7abbc}</UniqueIdentifier>
    </Filter>
    <Filter Include="solver\rules\implementations\Naked Subset">
      <UniqueIdentifier>{b3027172-74b7-43f6-bd5d-912a68896e55}</UniqueIdentifier>
    </Filter>
    <Filter Include="solver\rules\implementations\Single Possibility">
      <UniqueIdentifier>{52fd45c1-97c8-47c6-b635-fc28efc381d3}</UniqueIdentifier>
    </Filter>
    <Filter Include="sudoku">
      <UniqueIdentifier>{11aaa978-e1a4-43a1-982a-fc1c3f4990d9}</UniqueIdentifier>
    </Filter>
  </ItemGroup>
  <ItemGroup>
    <ClCompile Include="..\solver\stopwatch.c">
      <Filter>environment\Stopwatch</Filter>
    </ClCompile>
    <ClCompile Include="..\solver\combinator.cpp">
      <Filter>solver\combinator</Filter>
    </ClCompile>
    <ClCompile Include="..\solver\parameterset.c">
      <Filter>parameterset</Filter>
    </ClCompile>
    <ClCompile Include="sudoku.c">
      <Filter>sudoku</Filter>
    </ClCompile>
    <ClCompile Include="main.c">
      <Filter>environment</Filter>
    </ClCompile>
    <ClCompile Include="rule0.c">
      <Filter>solver\rules\implementations\Single Possibility</Filter>
    </ClCompile>
    <ClCompile Include="rule1.c">
      <Filter>solver\rules\implementations\Single Possibility</Filter>
    </ClCompile>
    <ClCompile Include="rule2.c">
      <Filter>solver\rules\implementations\Single Possibility</Filter>
    </ClCompile>
    <ClCompile Include="rule3.c">
      <Filter>solver\rules\implementations\Naked Pair</Filter>
    </ClCompile>
    <ClCompile Include="rule4.c">
      <Filter>solver\rules\implementations\Naked Pair</Filter>
    </ClCompile>
    <ClCompile Include="rule5.c">
      <Filter>solver\rules\implementations\Naked Pair</Filter>
    </ClCompile>
    <ClCompile Include="rule6.c">
      <Filter>solver\rules\implementations\Hidden Pair</Filter>
    </ClCompile>
    <ClCompile Include="rule7.c">
      <Filter>solver\rules\implementations\Hidden Pair</Filter>
    </ClCompile>
    <ClCompile Include="rule8.c">
      <Filter>solver\rules\implementations\Hidden Pair</Filter>
    </ClCompile>
    <ClCompile Include="rule9.c">
      <Filter>solver\rules\implementations\Hidden Subset</Filter>
    </ClCompile>
    <ClCompile Include="rule10.c">
      <Filter>solver\rules\implementations\Hidden Subset</Filter>
    </ClCompile>
    <ClCompile Include="rule11.c">
      <Filter>solver\rules\implementations\Hidden Subset</Filter>
    </ClCompile>
    <ClCompile Include="rule12.c">
      <Filter>solver\rules\implementations\Naked Subset</Filter>
    </ClCompile>
    <ClCompile Include="rule13.c">
      <Filter>solver\rules\implementations\Naked Subset</Filter>
    </ClCompile>
    <ClCompile Include="rule14.c">
      <Filter>solver\rules\implementations\Naked Subset</Filter>
    </ClCompile>
    <ClCompile Include="help_functions.c">
      <Filter>solver\rules\implementations</Filter>
    </ClCompile>
  </ItemGroup>
  <ItemGroup>
    <ClInclude Include="..\solver\stopwatch.h">
      <Filter>environment\Stopwatch</Filter>
    </ClInclude>
    <ClInclude Include="..\solver\combinator.h">
      <Filter>solver\combinator</Filter>
    </ClInclude>
    <ClInclude Include="..\solver\defaults.h">
      <Filter>environment</Filter>
    </ClInclude>
    <ClInclude Include="..\solver\parameterset.h">
      <Filter>parameterset</Filter>
    </ClInclude>
    <ClInclude Include="..\solver\solver.h">
      <Filter>solver</Filter>
    </ClInclude>
    <ClInclude Include="sudoku.h">
      <Filter>sudoku</Filter>
    </ClInclude>
    <ClInclude Include="rules.h">
      <Filter>solver\rules</Filter>
    </ClInclude>
  </ItemGroup>
</Project>